
Microsoft Visual Studio Solution File, Format Version 12.00
# Visual Studio Version 17
VisualStudioVersion = 17.7.34202.233
MinimumVisualStudioVersion = 10.0.40219.1
Project("{8BC9CEB8-8B4A-11D0-8D11-00A0C91BC942}") = "dz22.11", "dz22.11\dz22.11.vcxproj", "{DF3F1C24-C964-4D60-B3EE-D8E44FA8D263}"
EndProject
Global
	GlobalSection(SolutionConfigurationPlatforms) = preSolution
		Debug|x64 = Debug|x64
		Debug|x86 = Debug|x86
		Release|x64 = Release|x64
		Release|x86 = Release|x86
	EndGlobalSection
	GlobalSection(ProjectConfigurationPlatforms) = postSolution
		{DF3F1C24-C964-4D60-B3EE-D8E44FA8D263}.Debug|x64.ActiveCfg = Debug|x64
		{DF3F1C24-C964-4D60-B3EE-D8E44FA8D263}.Debug|x64.Build.0 = Debug|x64
		{DF3F1C24-C964-4D60-B3EE-D8E44FA8D263}.Debug|x86.ActiveCfg = Debug|Win32
		{DF3F1C24-C964-4D60-B3EE-D8E44FA8D263}.Debug|x86.Build.0 = Debug|Win32
		{DF3F1C24-C964-4D60-B3EE-D8E44FA8D263}.Release|x64.ActiveCfg = Release|x64
		{DF3F1C24-C964-4D60-B3EE-D8E44FA8D263}.Release|x64.Build.0 = Release|x64
		{DF3F1C24-C964-4D60-B3EE-D8E44FA8D263}.Release|x86.ActiveCfg = Release|Win32
		{DF3F1C24-C964-4D60-B3EE-D8E44FA8D263}.Release|x86.Build.0 = Release|Win32
	EndGlobalSection
	GlobalSection(SolutionProperties) = preSolution
		HideSolutionNode = FALSE
	EndGlobalSection
	GlobalSection(ExtensibilityGlobals) = postSolution
		SolutionGuid = {8EB43AFD-6713-4D3A-A10C-001855D136AE}
	EndGlobalSection
EndGlobal
